// !$*UTF8*$!
{
	archiveVersion = 1;
	classes = {
	};
	objectVersion = 46;
	objects = {

/* Begin PBXBuildFile section */
		FE9DC1A9199B60E80000787E /* Foundation.framework in Frameworks */ = {isa = PBXBuildFile; fileRef = FE9DC1A8199B60E80000787E /* Foundation.framework */; };
		FE9DC1AB199B60E80000787E /* CoreGraphics.framework in Frameworks */ = {isa = PBXBuildFile; fileRef = FE9DC1AA199B60E80000787E /* CoreGraphics.framework */; };
		FE9DC1AD199B60E80000787E /* UIKit.framework in Frameworks */ = {isa = PBXBuildFile; fileRef = FE9DC1AC199B60E80000787E /* UIKit.framework */; };
		FE9DC1B3199B60E80000787E /* InfoPlist.strings in Resources */ = {isa = PBXBuildFile; fileRef = FE9DC1B1199B60E80000787E /* InfoPlist.strings */; };
		FE9DC1B5199B60E80000787E /* main.m in Sources */ = {isa = PBXBuildFile; fileRef = FE9DC1B4199B60E80000787E /* main.m */; };
		FE9DC1B9199B60E80000787E /* DDAppDelegate.m in Sources */ = {isa = PBXBuildFile; fileRef = FE9DC1B8199B60E80000787E /* DDAppDelegate.m */; };
		FE9DC1BB199B60E80000787E /* Images.xcassets in Resources */ = {isa = PBXBuildFile; fileRef = FE9DC1BA199B60E80000787E /* Images.xcassets */; };
		FE9DC1C2199B60E80000787E /* XCTest.framework in Frameworks */ = {isa = PBXBuildFile; fileRef = FE9DC1C1199B60E80000787E /* XCTest.framework */; };
		FE9DC1C3199B60E80000787E /* Foundation.framework in Frameworks */ = {isa = PBXBuildFile; fileRef = FE9DC1A8199B60E80000787E /* Foundation.framework */; };
		FE9DC1C4199B60E80000787E /* UIKit.framework in Frameworks */ = {isa = PBXBuildFile; fileRef = FE9DC1AC199B60E80000787E /* UIKit.framework */; };
		FE9DC1CC199B60E80000787E /* InfoPlist.strings in Resources */ = {isa = PBXBuildFile; fileRef = FE9DC1CA199B60E80000787E /* InfoPlist.strings */; };
		FE9DC1CE199B60E80000787E /* DDSliderControllerTests.m in Sources */ = {isa = PBXBuildFile; fileRef = FE9DC1CD199B60E80000787E /* DDSliderControllerTests.m */; };
/* End PBXBuildFile section */

/* Begin PBXContainerItemProxy section */
		FE9DC1C5199B60E80000787E /* PBXContainerItemProxy */ = {
			isa = PBXContainerItemProxy;
			containerPortal = FE9DC19D199B60E80000787E /* Project object */;
			proxyType = 1;
			remoteGlobalIDString = FE9DC1A4199B60E80000787E;
			remoteInfo = DDSliderController;
		};
/* End PBXContainerItemProxy section */

/* Begin PBXFileReference section */
		FE9DC1A5199B60E80000787E /* DDSliderController.app */ = {isa = PBXFileReference; explicitFileType = wrapper.application; includeInIndex = 0; path = DDSliderController.app; sourceTree = BUILT_PRODUCTS_DIR; };
		FE9DC1A8199B60E80000787E /* Foundation.framework */ = {isa = PBXFileReference; lastKnownFileType = wrapper.framework; name = Foundation.framework; path = System/Library/Frameworks/Foundation.framework; sourceTree = SDKROOT; };
		FE9DC1AA199B60E80000787E /* CoreGraphics.framework */ = {isa = PBXFileReference; lastKnownFileType = wrapper.framework; name = CoreGraphics.framework; path = System/Library/Frameworks/CoreGraphics.framework; sourceTree = SDKROOT; };
		FE9DC1AC199B60E80000787E /* UIKit.framework */ = {isa = PBXFileReference; lastKnownFileType = wrapper.framework; name = UIKit.framework; path = System/Library/Frameworks/UIKit.framework; sourceTree = SDKROOT; };
		FE9DC1B0199B60E80000787E /* DDSliderController-Info.plist */ = {isa = PBXFileReference; lastKnownFileType = text.plist.xml; path = "DDSliderController-Info.plist"; sourceTree = "<group>"; };
		FE9DC1B2199B60E80000787E /* en */ = {isa = PBXFileReference; lastKnownFileType = text.plist.strings; name = en; path = en.lproj/InfoPlist.strings; sourceTree = "<group>"; };
		FE9DC1B4199B60E80000787E /* main.m */ = {isa = PBXFileReference; lastKnownFileType = sourcecode.c.objc; path = main.m; sourceTree = "<group>"; };
		FE9DC1B6199B60E80000787E /* DDSliderController-Prefix.pch */ = {isa = PBXFileReference; lastKnownFileType = sourcecode.c.h; path = "DDSliderController-Prefix.pch"; sourceTree = "<group>"; };
		FE9DC1B7199B60E80000787E /* DDAppDelegate.h */ = {isa = PBXFileReference; lastKnownFileType = sourcecode.c.h; path = DDAppDelegate.h; sourceTree = "<group>"; };
		FE9DC1B8199B60E80000787E /* DDAppDelegate.m */ = {isa = PBXFileReference; lastKnownFileType = sourcecode.c.objc; path = DDAppDelegate.m; sourceTree = "<group>"; };
		FE9DC1BA199B60E80000787E /* Images.xcassets */ = {isa = PBXFileReference; lastKnownFileType = folder.assetcatalog; path = Images.xcassets; sourceTree = "<group>"; };
		FE9DC1C0199B60E80000787E /* DDSliderControllerTests.xctest */ = {isa = PBXFileReference; explicitFileType = wrapper.cfbundle; includeInIndex = 0; path = DDSliderControllerTests.xctest; sourceTree = BUILT_PRODUCTS_DIR; };
		FE9DC1C1199B60E80000787E /* XCTest.framework */ = {isa = PBXFileReference; lastKnownFileType = wrapper.framework; name = XCTest.framework; path = Library/Frameworks/XCTest.framework; sourceTree = DEVELOPER_DIR; };
		FE9DC1C9199B60E80000787E /* DDSliderControllerTests-Info.plist */ = {isa = PBXFileReference; lastKnownFileType = text.plist.xml; path = "DDSliderControllerTests-Info.plist"; sourceTree = "<group>"; };
		FE9DC1CB199B60E80000787E /* en */ = {isa = PBXFileReference; lastKnownFileType = text.plist.strings; name = en; path = en.lproj/InfoPlist.strings; sourceTree = "<group>"; };
		FE9DC1CD199B60E80000787E /* DDSliderControllerTests.m */ = {isa = PBXFileReference; lastKnownFileType = sourcecode.c.objc; path = DDSliderControllerTests.m; sourceTree = "<group>"; };
/* End PBXFileReference section */

/* Begin PBXFrameworksBuildPhase section */
		FE9DC1A2199B60E80000787E /* Frameworks */ = {
			isa = PBXFrameworksBuildPhase;
			buildActionMask = 2147483647;
			files = (
				FE9DC1AB199B60E80000787E /* CoreGraphics.framework in Frameworks */,
				FE9DC1AD199B60E80000787E /* UIKit.framework in Frameworks */,
				FE9DC1A9199B60E80000787E /* Foundation.framework in Frameworks */,
			);
			runOnlyForDeploymentPostprocessing = 0;
		};
		FE9DC1BD199B60E80000787E /* Frameworks */ = {
			isa = PBXFrameworksBuildPhase;
			buildActionMask = 2147483647;
			files = (
				FE9DC1C2199B60E80000787E /* XCTest.framework in Frameworks */,
				FE9DC1C4199B60E80000787E /* UIKit.framework in Frameworks */,
				FE9DC1C3199B60E80000787E /* Foundation.framework in Frameworks */,
			);
			runOnlyForDeploymentPostprocessing = 0;
		};
/* End PBXFrameworksBuildPhase section */

/* Begin PBXGroup section */
		FE9DC19C199B60E80000787E = {
			isa = PBXGroup;
			children = (
				FE9DC1AE199B60E80000787E /* DDSliderController */,
				FE9DC1C7199B60E80000787E /* DDSliderControllerTests */,
				FE9DC1A7199B60E80000787E /* Frameworks */,
				FE9DC1A6199B60E80000787E /* Products */,
			);
			sourceTree = "<group>";
		};
		FE9DC1A6199B60E80000787E /* Products */ = {
			isa = PBXGroup;
			children = (
				FE9DC1A5199B60E80000787E /* DDSliderController.app */,
				FE9DC1C0199B60E80000787E /* DDSliderControllerTests.xctest */,
			);
			name = Products;
			sourceTree = "<group>";
		};
		FE9DC1A7199B60E80000787E /* Frameworks */ = {
			isa = PBXGroup;
			children = (
				FE9DC1A8199B60E80000787E /* Foundation.framework */,
				FE9DC1AA199B60E80000787E /* CoreGraphics.framework */,
				FE9DC1AC199B60E80000787E /* UIKit.framework */,
				FE9DC1C1199B60E80000787E /* XCTest.framework */,
			);
			name = Frameworks;
			sourceTree = "<group>";
		};
		FE9DC1AE199B60E80000787E /* DDSliderController */ = {
			isa = PBXGroup;
			children = (
				FE9DC1B7199B60E80000787E /* DDAppDelegate.h */,
				FE9DC1B8199B60E80000787E /* DDAppDelegate.m */,
				FE9DC1BA199B60E80000787E /* Images.xcassets */,
				FE9DC1AF199B60E80000787E /* Supporting Files */,
			);
			path = DDSliderController;
			sourceTree = "<group>";
		};
		FE9DC1AF199B60E80000787E /* Supporting Files */ = {
			isa = PBXGroup;
			children = (
				FE9DC1B0199B60E80000787E /* DDSliderController-Info.plist */,
				FE9DC1B1199B60E80000787E /* InfoPlist.strings */,
				FE9DC1B4199B60E80000787E /* main.m */,
				FE9DC1B6199B60E80000787E /* DDSliderController-Prefix.pch */,
			);
			name = "Supporting Files";
			sourceTree = "<group>";
		};
		FE9DC1C7199B60E80000787E /* DDSliderControllerTests */ = {
			isa = PBXGroup;
			children = (
				FE9DC1CD199B60E80000787E /* DDSliderControllerTests.m */,
				FE9DC1C8199B60E80000787E /* Supporting Files */,
			);
			path = DDSliderControllerTests;
			sourceTree = "<group>";
		};
		FE9DC1C8199B60E80000787E /* Supporting Files */ = {
			isa = PBXGroup;
			children = (
				FE9DC1C9199B60E80000787E /* DDSliderControllerTests-Info.plist */,
				FE9DC1CA199B60E80000787E /* InfoPlist.strings */,
			);
			name = "Supporting Files";
			sourceTree = "<group>";
		};
/* End PBXGroup section */

/* Begin PBXNativeTarget section */
		FE9DC1A4199B60E80000787E /* DDSliderController */ = {
			isa = PBXNativeTarget;
			buildConfigurationList = FE9DC1D1199B60E80000787E /* Build configuration list for PBXNativeTarget "DDSliderController" */;
			buildPhases = (
				FE9DC1A1199B60E80000787E /* Sources */,
				FE9DC1A2199B60E80000787E /* Frameworks */,
				FE9DC1A3199B60E80000787E /* Resources */,
			);
			buildRules = (
			);
			dependencies = (
			);
			name = DDSliderController;
			productName = DDSliderController;
			productReference = FE9DC1A5199B60E80000787E /* DDSliderController.app */;
			productType = "com.apple.product-type.application";
		};
		FE9DC1BF199B60E80000787E /* DDSliderControllerTests */ = {
			isa = PBXNativeTarget;
			buildConfigurationList = FE9DC1D4199B60E80000787E /* Build configuration list for PBXNativeTarget "DDSliderControllerTests" */;
			buildPhases = (
				FE9DC1BC199B60E80000787E /* Sources */,
				FE9DC1BD199B60E80000787E /* Frameworks */,
				FE9DC1BE199B60E80000787E /* Resources */,
			);
			buildRules = (
			);
			dependencies = (
				FE9DC1C6199B60E80000787E /* PBXTargetDependency */,
			);
			name = DDSliderControllerTests;
			productName = DDSliderControllerTests;
			productReference = FE9DC1C0199B60E80000787E /* DDSliderControllerTests.xctest */;
			productType = "com.apple.product-type.bundle.unit-test";
		};
/* End PBXNativeTarget section */

/* Begin PBXProject section */
		FE9DC19D199B60E80000787E /* Project object */ = {
			isa = PBXProject;
			attributes = {
				CLASSPREFIX = DD;
				LastUpgradeCheck = 0510;
				TargetAttributes = {
					FE9DC1BF199B60E80000787E = {
						TestTargetID = FE9DC1A4199B60E80000787E;
					};
				};
			};
			buildConfigurationList = FE9DC1A0199B60E80000787E /* Build configuration list for PBXProject "DDSliderController" */;
			compatibilityVersion = "Xcode 3.2";
			developmentRegion = English;
			hasScannedForEncodings = 0;
			knownRegions = (
				en,
			);
			mainGroup = FE9DC19C199B60E80000787E;
			productRefGroup = FE9DC1A6199B60E80000787E /* Products */;
			projectDirPath = "";
			projectRoot = "";
			targets = (
				FE9DC1A4199B60E80000787E /* DDSliderController */,
				FE9DC1BF199B60E80000787E /* DDSliderControllerTests */,
			);
		};
/* End PBXProject section */

/* Begin PBXResourcesBuildPhase section */
		FE9DC1A3199B60E80000787E /* Resources */ = {
			isa = PBXResourcesBuildPhase;
			buildActionMask = 2147483647;
			files = (
				FE9DC1B3199B60E80000787E /* InfoPlist.strings in Resources */,
				FE9DC1BB199B60E80000787E /* Images.xcassets in Resources */,
			);
			runOnlyForDeploymentPostprocessing = 0;
		};
		FE9DC1BE199B60E80000787E /* Resources */ = {
			isa = PBXResourcesBuildPhase;
			buildActionMask = 2147483647;
			files = (
				FE9DC1CC199B60E80000787E /* InfoPlist.strings in Resources */,
			);
			runOnlyForDeploymentPostprocessing = 0;
		};
/* End PBXResourcesBuildPhase section */

/* Begin PBXSourcesBuildPhase section */
		FE9DC1A1199B60E80000787E /* Sources */ = {
			isa = PBXSourcesBuildPhase;
			buildActionMask = 2147483647;
			files = (
				FE9DC1B9199B60E80000787E /* DDAppDelegate.m in Sources */,
				FE9DC1B5199B60E80000787E /* main.m in Sources */,
			);
			runOnlyForDeploymentPostprocessing = 0;
		};
		FE9DC1BC199B60E80000787E /* Sources */ = {
			isa = PBXSourcesBuildPhase;
			buildActionMask = 2147483647;
			files = (
				FE9DC1CE199B60E80000787E /* DDSliderControllerTests.m in Sources */,
			);
			runOnlyForDeploymentPostprocessing = 0;
		};
/* End PBXSourcesBuildPhase section */

/* Begin PBXTargetDependency section */
		FE9DC1C6199B60E80000787E /* PBXTargetDependency */ = {
			isa = PBXTargetDependency;
			target = FE9DC1A4199B60E80000787E /* DDSliderController */;
			targetProxy = FE9DC1C5199B60E80000787E /* PBXContainerItemProxy */;
		};
/* End PBXTargetDependency section */

/* Begin PBXVariantGroup section */
		FE9DC1B1199B60E80000787E /* InfoPlist.strings */ = {
			isa = PBXVariantGroup;
			children = (
				FE9DC1B2199B60E80000787E /* en */,
			);
			name = InfoPlist.strings;
			sourceTree = "<group>";
		};
		FE9DC1CA199B60E80000787E /* InfoPlist.strings */ = {
			isa = PBXVariantGroup;
			children = (
				FE9DC1CB199B60E80000787E /* en */,
			);
			name = InfoPlist.strings;
			sourceTree = "<group>";
		};
/* End PBXVariantGroup section */

/* Begin XCBuildConfiguration section */
		FE9DC1CF199B60E80000787E /* Debug */ = {
			isa = XCBuildConfiguration;
			buildSettings = {
				ALWAYS_SEARCH_USER_PATHS = NO;
				CLANG_CXX_LANGUAGE_STANDARD = "gnu++0x";
				CLANG_CXX_LIBRARY = "libc++";
				CLANG_ENABLE_MODULES = YES;
				CLANG_ENABLE_OBJC_ARC = YES;
				CLANG_WARN_BOOL_CONVERSION = YES;
				CLANG_WARN_CONSTANT_CONVERSION = YES;
				CLANG_WARN_DIRECT_OBJC_ISA_USAGE = YES_ERROR;
				CLANG_WARN_EMPTY_BODY = YES;
				CLANG_WARN_ENUM_CONVERSION = YES;
				CLANG_WARN_INT_CONVERSION = YES;
				CLANG_WARN_OBJC_ROOT_CLASS = YES_ERROR;
				CLANG_WARN__DUPLICATE_METHOD_MATCH = YES;
				"CODE_SIGN_IDENTITY[sdk=iphoneos*]" = "iPhone Developer";
				COPY_PHASE_STRIP = NO;
				GCC_C_LANGUAGE_STANDARD = gnu99;
				GCC_DYNAMIC_NO_PIC = NO;
				GCC_OPTIMIZATION_LEVEL = 0;
				GCC_PREPROCESSOR_DEFINITIONS = (
					"DEBUG=1",
					"$(inherited)",
				);
				GCC_SYMBOLS_PRIVATE_EXTERN = NO;
				GCC_WARN_64_TO_32_BIT_CONVERSION = YES;
				GCC_WARN_ABOUT_RETURN_TYPE = YES_ERROR;
				GCC_WARN_UNDECLARED_SELECTOR = YES;
				GCC_WARN_UNINITIALIZED_AUTOS = YES_AGGRESSIVE;
				GCC_WARN_UNUSED_FUNCTION = YES;
				GCC_WARN_UNUSED_VARIABLE = YES;
				IPHONEOS_DEPLOYMENT_TARGET = 7.1;
				ONLY_ACTIVE_ARCH = YES;
				SDKROOT = iphoneos;
			};
			name = Debug;
		};
		FE9DC1D0199B60E80000787E /* Release */ = {
			isa = XCBuildConfiguration;
			buildSettings = {
				ALWAYS_SEARCH_USER_PATHS = NO;
				CLANG_CXX_LANGUAGE_STANDARD = "gnu++0x";
				CLANG_CXX_LIBRARY = "libc++";
				CLANG_ENABLE_MODULES = YES;
				CLANG_ENABLE_OBJC_ARC = YES;
				CLANG_WARN_BOOL_CONVERSION = YES;
				CLANG_WARN_CONSTANT_CONVERSION = YES;
				CLANG_WARN_DIRECT_OBJC_ISA_USAGE = YES_ERROR;
				CLANG_WARN_EMPTY_BODY = YES;
				CLANG_WARN_ENUM_CONVERSION = YES;
				CLANG_WARN_INT_CONVERSION = YES;
				CLANG_WARN_OBJC_ROOT_CLASS = YES_ERROR;
				CLANG_WARN__DUPLICATE_METHOD_MATCH = YES;
				"CODE_SIGN_IDENTITY[sdk=iphoneos*]" = "iPhone Developer";
				COPY_PHASE_STRIP = YES;
				ENABLE_NS_ASSERTIONS = NO;
				GCC_C_LANGUAGE_STANDARD = gnu99;
				GCC_WARN_64_TO_32_BIT_CONVERSION = YES;
				GCC_WARN_ABOUT_RETURN_TYPE = YES_ERROR;
				GCC_WARN_UNDECLARED_SELECTOR = YES;
				GCC_WARN_UNINITIALIZED_AUTOS = YES_AGGRESSIVE;
				GCC_WARN_UNUSED_FUNCTION = YES;
				GCC_WARN_UNUSED_VARIABLE = YES;
				IPHONEOS_DEPLOYMENT_TARGET = 7.1;
				SDKROOT = iphoneos;
				VALIDATE_PRODUCT = YES;
			};
			name = Release;
		};
		FE9DC1D2199B60E80000787E /* Debug */ = {
			isa = XCBuildConfiguration;
			buildSettings = {
				ASSETCATALOG_COMPILER_APPICON_NAME = AppIcon;
				ASSETCATALOG_COMPILER_LAUNCHIMAGE_NAME = LaunchImage;
				GCC_PRECOMPILE_PREFIX_HEADER = YES;
				GCC_PREFIX_HEADER = "DDSliderController/DDSliderController-Prefix.pch";
				INFOPLIST_FILE = "DDSliderController/DDSliderController-Info.plist";
				PRODUCT_NAME = "$(TARGET_NAME)";
				WRAPPER_EXTENSION = app;
			};
			name = Debug;
		};
		FE9DC1D3199B60E80000787E /* Release */ = {
			isa = XCBuildConfiguration;
			buildSettings = {
				ASSETCATALOG_COMPILER_APPICON_NAME = AppIcon;
				ASSETCATALOG_COMPILER_LAUNCHIMAGE_NAME = LaunchImage;
				GCC_PRECOMPILE_PREFIX_HEADER = YES;
				GCC_PREFIX_HEADER = "DDSliderController/DDSliderController-Prefix.pch";
				INFOPLIST_FILE = "DDSliderController/DDSliderController-Info.plist";
				PRODUCT_NAME = "$(TARGET_NAME)";
				WRAPPER_EXTENSION = app;
			};
			name = Release;
		};
		FE9DC1D5199B60E80000787E /* Debug */ = {
			isa = XCBuildConfiguration;
			buildSettings = {
				BUNDLE_LOADER = "$(BUILT_PRODUCTS_DIR)/DDSliderController.app/DDSliderController";
				FRAMEWORK_SEARCH_PATHS = (
					"$(SDKROOT)/Developer/Library/Frameworks",
					"$(inherited)",
					"$(DEVELOPER_FRAMEWORKS_DIR)",
				);
				GCC_PRECOMPILE_PREFIX_HEADER = YES;
				GCC_PREFIX_HEADER = "DDSliderController/DDSliderController-Prefix.pch";
				GCC_PREPROCESSOR_DEFINITIONS = (
					"DEBUG=1",
					"$(inherited)",
				);
				INFOPLIST_FILE = "DDSliderControllerTests/DDSliderControllerTests-Info.plist";
				PRODUCT_NAME = "$(TARGET_NAME)";
				TEST_HOST = "$(BUNDLE_LOADER)";
				WRAPPER_EXTENSION = xctest;
			};
			name = Debug;
		};
		FE9DC1D6199B60E80000787E /* Release */ = {
			isa = XCBuildConfiguration;
			buildSettings = {
				BUNDLE_LOADER = "$(BUILT_PRODUCTS_DIR)/DDSliderController.app/DDSliderController";
				FRAMEWORK_SEARCH_PATHS = (
					"$(SDKROOT)/Developer/Library/Frameworks",
					"$(inherited)",
					"$(DEVELOPER_FRAMEWORKS_DIR)",
				);
				GCC_PRECOMPILE_PREFIX_HEADER = YES;
				GCC_PREFIX_HEADER = "DDSliderController/DDSliderController-Prefix.pch";
				INFOPLIST_FILE = "DDSliderControllerTests/DDSliderControllerTests-Info.plist";
				PRODUCT_NAME = "$(TARGET_NAME)";
				TEST_HOST = "$(BUNDLE_LOADER)";
				WRAPPER_EXTENSION = xctest;
			};
			name = Release;
		};
/* End XCBuildConfiguration section */

/* Begin XCConfigurationList section */
		FE9DC1A0199B60E80000787E /* Build configuration list for PBXProject "DDSliderController" */ = {
			isa = XCConfigurationList;
			buildConfigurations = (
				FE9DC1CF199B60E80000787E /* Debug */,
				FE9DC1D0199B60E80000787E /* Release */,
			);
			defaultConfigurationIsVisible = 0;
			defaultConfigurationName = Release;
		};
		FE9DC1D1199B60E80000787E /* Build configuration list for PBXNativeTarget "DDSliderController" */ = {
			isa = XCConfigurationList;
			buildConfigurations = (
				FE9DC1D2199B60E80000787E /* Debug */,
				FE9DC1D3199B60E80000787E /* Release */,
			);
			defaultConfigurationIsVisible = 0;
		};
		FE9DC1D4199B60E80000787E /* Build configuration list for PBXNativeTarget "DDSliderControllerTests" */ = {
			isa = XCConfigurationList;
			buildConfigurations = (
				FE9DC1D5199B60E80000787E /* Debug */,
				FE9DC1D6199B60E80000787E /* Release */,
			);
			defaultConfigurationIsVisible = 0;
		};
/* End XCConfigurationList section */
	};
	rootObject = FE9DC19D199B60E80000787E /* Project object */;
}
